
Microsoft Visual Studio Solution File, Format Version 12.00
# Visual Studio Version 17
VisualStudioVersion = 17.14.36221.1
MinimumVisualStudioVersion = 10.0.40219.1
Project("{FAE04EC0-301F-11D3-BF4B-00C04F79EFBC}") = "Tournament.API", "Tournament.API\Tournament.API.csproj", "{F505DFE0-14A4-4373-8C21-C6E3C4A208F8}"
EndProject
Project("{FAE04EC0-301F-11D3-BF4B-00C04F79EFBC}") = "Tournament.Core", "Tournament.Core\Tournament.Core.csproj", "{CFC04A10-1A66-4722-B942-A55AC177498F}"
EndProject
Project("{FAE04EC0-301F-11D3-BF4B-00C04F79EFBC}") = "Tournament.Data", "Tournament.Data\Tournament.Data.csproj", "{E677EC53-ACD3-4D63-9452-811DB8FBF361}"
EndProject
Project("{FAE04EC0-301F-11D3-BF4B-00C04F79EFBC}") = "Tournament.Prensentation", "Tournament.Prensentation\Tournament.Prensentation.csproj", "{DA304A84-CB7C-466C-A844-C7B8BB8985B2}"
EndProject
Project("{FAE04EC0-301F-11D3-BF4B-00C04F79EFBC}") = "Tournament.Services", "Tournament.Services\Tournament.Services.csproj", "{2F0B2B63-1501-4B04-96C9-BFE4D793226F}"
EndProject
Project("{FAE04EC0-301F-11D3-BF4B-00C04F79EFBC}") = "Tournament.Contracts", "Tournament.Contracts\Tournament.Contracts.csproj", "{37B71A9C-5533-454C-A7AF-EBA6F90ED2DB}"
EndProject
Global
	GlobalSection(SolutionConfigurationPlatforms) = preSolution
		Debug|Any CPU = Debug|Any CPU
		Release|Any CPU = Release|Any CPU
	EndGlobalSection
	GlobalSection(ProjectConfigurationPlatforms) = postSolution
		{F505DFE0-14A4-4373-8C21-C6E3C4A208F8}.Debug|Any CPU.ActiveCfg = Debug|Any CPU
		{F505DFE0-14A4-4373-8C21-C6E3C4A208F8}.Debug|Any CPU.Build.0 = Debug|Any CPU
		{F505DFE0-14A4-4373-8C21-C6E3C4A208F8}.Release|Any CPU.ActiveCfg = Release|Any CPU
		{F505DFE0-14A4-4373-8C21-C6E3C4A208F8}.Release|Any CPU.Build.0 = Release|Any CPU
		{CFC04A10-1A66-4722-B942-A55AC177498F}.Debug|Any CPU.ActiveCfg = Debug|Any CPU
		{CFC04A10-1A66-4722-B942-A55AC177498F}.Debug|Any CPU.Build.0 = Debug|Any CPU
		{CFC04A10-1A66-4722-B942-A55AC177498F}.Release|Any CPU.ActiveCfg = Release|Any CPU
		{CFC04A10-1A66-4722-B942-A55AC177498F}.Release|Any CPU.Build.0 = Release|Any CPU
		{E677EC53-ACD3-4D63-9452-811DB8FBF361}.Debug|Any CPU.ActiveCfg = Debug|Any CPU
		{E677EC53-ACD3-4D63-9452-811DB8FBF361}.Debug|Any CPU.Build.0 = Debug|Any CPU
		{E677EC53-ACD3-4D63-9452-811DB8FBF361}.Release|Any CPU.ActiveCfg = Release|Any CPU
		{E677EC53-ACD3-4D63-9452-811DB8FBF361}.Release|Any CPU.Build.0 = Release|Any CPU
		{DA304A84-CB7C-466C-A844-C7B8BB8985B2}.Debug|Any CPU.ActiveCfg = Debug|Any CPU
		{DA304A84-CB7C-466C-A844-C7B8BB8985B2}.Debug|Any CPU.Build.0 = Debug|Any CPU
		{DA304A84-CB7C-466C-A844-C7B8BB8985B2}.Release|Any CPU.ActiveCfg = Release|Any CPU
		{DA304A84-CB7C-466C-A844-C7B8BB8985B2}.Release|Any CPU.Build.0 = Release|Any CPU
		{2F0B2B63-1501-4B04-96C9-BFE4D793226F}.Debug|Any CPU.ActiveCfg = Debug|Any CPU
		{2F0B2B63-1501-4B04-96C9-BFE4D793226F}.Debug|Any CPU.Build.0 = Debug|Any CPU
		{2F0B2B63-1501-4B04-96C9-BFE4D793226F}.Release|Any CPU.ActiveCfg = Release|Any CPU
		{2F0B2B63-1501-4B04-96C9-BFE4D793226F}.Release|Any CPU.Build.0 = Release|Any CPU
		{37B71A9C-5533-454C-A7AF-EBA6F90ED2DB}.Debug|Any CPU.ActiveCfg = Debug|Any CPU
		{37B71A9C-5533-454C-A7AF-EBA6F90ED2DB}.Debug|Any CPU.Build.0 = Debug|Any CPU
		{37B71A9C-5533-454C-A7AF-EBA6F90ED2DB}.Release|Any CPU.ActiveCfg = Release|Any CPU
		{37B71A9C-5533-454C-A7AF-EBA6F90ED2DB}.Release|Any CPU.Build.0 = Release|Any CPU
	EndGlobalSection
	GlobalSection(SolutionProperties) = preSolution
		HideSolutionNode = FALSE
	EndGlobalSection
	GlobalSection(ExtensibilityGlobals) = postSolution
		SolutionGuid = {AADEEF2A-E65E-4A9A-85C4-E5F74D8C2A4C}
	EndGlobalSection
EndGlobal
